
Microsoft Visual Studio Solution File, Format Version 12.00
# Visual Studio 15
VisualStudioVersion = 15.0.28010.2016
MinimumVisualStudioVersion = 10.0.40219.1
Project("{FAE04EC0-301F-11D3-BF4B-00C04F79EFBC}") = "ef-core-cosmos-db", "ef-core-cosmos-db\ef-core-cosmos-db.csproj", "{C42898E7-7FED-422B-95D5-85E83EAB53A8}"
EndProject
Global
	GlobalSection(SolutionConfigurationPlatforms) = preSolution
		Debug|Any CPU = Debug|Any CPU
		Release|Any CPU = Release|Any CPU
	EndGlobalSection
	GlobalSection(ProjectConfigurationPlatforms) = postSolution
		{C42898E7-7FED-422B-95D5-85E83EAB53A8}.Debug|Any CPU.ActiveCfg = Debug|Any CPU
		{C42898E7-7FED-422B-95D5-85E83EAB53A8}.Debug|Any CPU.Build.0 = Debug|Any CPU
		{C42898E7-7FED-422B-95D5-85E83EAB53A8}.Release|Any CPU.ActiveCfg = Release|Any CPU
		{C42898E7-7FED-422B-95D5-85E83EAB53A8}.Release|Any CPU.Build.0 = Release|Any CPU
	EndGlobalSection
	GlobalSection(SolutionProperties) = preSolution
		HideSolutionNode = FALSE
	EndGlobalSection
	GlobalSection(ExtensibilityGlobals) = postSolution
		SolutionGuid = {627636C3-83E6-4387-AB36-23DA2D78E26D}
	EndGlobalSection
EndGlobal
